
Microsoft Visual Studio Solution File, Format Version 12.00
# Visual Studio Version 17
VisualStudioVersion = 17.8.34525.116
MinimumVisualStudioVersion = 10.0.40219.1
Project("{9A19103F-16F7-4668-BE54-9A1E7A4F7556}") = "Scrollio", "Scrollio\Scrollio.csproj", "{40EDA561-EB12-418A-8596-6423CDE9A551}"
EndProject
Project("{FAE04EC0-301F-11D3-BF4B-00C04F79EFBC}") = "ApplicationLayer", "ApplicationLayer\ApplicationLayer.csproj", "{B061C009-6118-4044-AD65-C294F7D1D849}"
EndProject
Project("{FAE04EC0-301F-11D3-BF4B-00C04F79EFBC}") = "ImplementationLayer", "ImplementationLayer\ImplementationLayer.csproj", "{711C3A75-8623-4870-BD66-9FEB79848F39}"
EndProject
Global
	GlobalSection(SolutionConfigurationPlatforms) = preSolution
		Debug|Any CPU = Debug|Any CPU
		Release|Any CPU = Release|Any CPU
	EndGlobalSection
	GlobalSection(ProjectConfigurationPlatforms) = postSolution
		{40EDA561-EB12-418A-8596-6423CDE9A551}.Debug|Any CPU.ActiveCfg = Debug|Any CPU
		{40EDA561-EB12-418A-8596-6423CDE9A551}.Debug|Any CPU.Build.0 = Debug|Any CPU
		{40EDA561-EB12-418A-8596-6423CDE9A551}.Debug|Any CPU.Deploy.0 = Debug|Any CPU
		{40EDA561-EB12-418A-8596-6423CDE9A551}.Release|Any CPU.ActiveCfg = Release|Any CPU
		{40EDA561-EB12-418A-8596-6423CDE9A551}.Release|Any CPU.Build.0 = Release|Any CPU
		{40EDA561-EB12-418A-8596-6423CDE9A551}.Release|Any CPU.Deploy.0 = Release|Any CPU
		{B061C009-6118-4044-AD65-C294F7D1D849}.Debug|Any CPU.ActiveCfg = Debug|Any CPU
		{B061C009-6118-4044-AD65-C294F7D1D849}.Debug|Any CPU.Build.0 = Debug|Any CPU
		{B061C009-6118-4044-AD65-C294F7D1D849}.Release|Any CPU.ActiveCfg = Release|Any CPU
		{B061C009-6118-4044-AD65-C294F7D1D849}.Release|Any CPU.Build.0 = Release|Any CPU
		{711C3A75-8623-4870-BD66-9FEB79848F39}.Debug|Any CPU.ActiveCfg = Debug|Any CPU
		{711C3A75-8623-4870-BD66-9FEB79848F39}.Debug|Any CPU.Build.0 = Debug|Any CPU
		{711C3A75-8623-4870-BD66-9FEB79848F39}.Release|Any CPU.ActiveCfg = Release|Any CPU
		{711C3A75-8623-4870-BD66-9FEB79848F39}.Release|Any CPU.Build.0 = Release|Any CPU
	EndGlobalSection
	GlobalSection(SolutionProperties) = preSolution
		HideSolutionNode = FALSE
	EndGlobalSection
	GlobalSection(ExtensibilityGlobals) = postSolution
		SolutionGuid = {25FED909-155D-40F1-85AB-CCA278CBBF5E}
	EndGlobalSection
EndGlobal
